
Microsoft Visual Studio Solution File, Format Version 12.00
# Visual Studio 15
VisualStudioVersion = 15.0.28307.572
MinimumVisualStudioVersion = 10.0.40219.1
Project("{FAE04EC0-301F-11D3-BF4B-00C04F79EFBC}") = "IfElse_po_raz_drugi", "IfElse_po_raz_drugi\IfElse_po_raz_drugi.csproj", "{047FC352-B330-4F31-9834-49AD98CEF166}"
EndProject
Global
	GlobalSection(SolutionConfigurationPlatforms) = preSolution
		Debug|Any CPU = Debug|Any CPU
		Release|Any CPU = Release|Any CPU
	EndGlobalSection
	GlobalSection(ProjectConfigurationPlatforms) = postSolution
		{047FC352-B330-4F31-9834-49AD98CEF166}.Debug|Any CPU.ActiveCfg = Debug|Any CPU
		{047FC352-B330-4F31-9834-49AD98CEF166}.Debug|Any CPU.Build.0 = Debug|Any CPU
		{047FC352-B330-4F31-9834-49AD98CEF166}.Release|Any CPU.ActiveCfg = Release|Any CPU
		{047FC352-B330-4F31-9834-49AD98CEF166}.Release|Any CPU.Build.0 = Release|Any CPU
	EndGlobalSection
	GlobalSection(SolutionProperties) = preSolution
		HideSolutionNode = FALSE
	EndGlobalSection
	GlobalSection(ExtensibilityGlobals) = postSolution
		SolutionGuid = {C8BE2385-C385-4341-B76C-737DDC409746}
	EndGlobalSection
EndGlobal
